
Microsoft Visual Studio Solution File, Format Version 12.00
# Visual Studio Version 17
VisualStudioVersion = 17.14.36915.13 d17.14
MinimumVisualStudioVersion = 10.0.40219.1
Project("{FAE04EC0-301F-11D3-BF4B-00C04F79EFBC}") = "AuditManagement", "AuditManagement\AuditManagement.csproj", "{71921E5C-5EB8-4ADD-8723-C9014ADE0828}"
EndProject
Global
	GlobalSection(SolutionConfigurationPlatforms) = preSolution
		Debug|Any CPU = Debug|Any CPU
		Release|Any CPU = Release|Any CPU
	EndGlobalSection
	GlobalSection(ProjectConfigurationPlatforms) = postSolution
		{71921E5C-5EB8-4ADD-8723-C9014ADE0828}.Debug|Any CPU.ActiveCfg = Debug|Any CPU
		{71921E5C-5EB8-4ADD-8723-C9014ADE0828}.Debug|Any CPU.Build.0 = Debug|Any CPU
		{71921E5C-5EB8-4ADD-8723-C9014ADE0828}.Release|Any CPU.ActiveCfg = Release|Any CPU
		{71921E5C-5EB8-4ADD-8723-C9014ADE0828}.Release|Any CPU.Build.0 = Release|Any CPU
	EndGlobalSection
	GlobalSection(SolutionProperties) = preSolution
		HideSolutionNode = FALSE
	EndGlobalSection
	GlobalSection(ExtensibilityGlobals) = postSolution
		SolutionGuid = {A3227B70-C194-4058-B95D-4D3E745CEE87}
	EndGlobalSection
EndGlobal
